
Microsoft Visual Studio Solution File, Format Version 12.00
# Visual Studio Version 16
VisualStudioVersion = 16.0.31410.357
MinimumVisualStudioVersion = 10.0.40219.1
Project("{FAE04EC0-301F-11D3-BF4B-00C04F79EFBC}") = "SchoolOA", "SchoolOA\SchoolOA.csproj", "{B6290483-F39D-4FBD-B51B-6B6947E0B187}"
EndProject
Global
	GlobalSection(SolutionConfigurationPlatforms) = preSolution
		Debug|Any CPU = Debug|Any CPU
		Release|Any CPU = Release|Any CPU
	EndGlobalSection
	GlobalSection(ProjectConfigurationPlatforms) = postSolution
		{B6290483-F39D-4FBD-B51B-6B6947E0B187}.Debug|Any CPU.ActiveCfg = Debug|Any CPU
		{B6290483-F39D-4FBD-B51B-6B6947E0B187}.Debug|Any CPU.Build.0 = Debug|Any CPU
		{B6290483-F39D-4FBD-B51B-6B6947E0B187}.Release|Any CPU.ActiveCfg = Release|Any CPU
		{B6290483-F39D-4FBD-B51B-6B6947E0B187}.Release|Any CPU.Build.0 = Release|Any CPU
	EndGlobalSection
	GlobalSection(SolutionProperties) = preSolution
		HideSolutionNode = FALSE
	EndGlobalSection
	GlobalSection(ExtensibilityGlobals) = postSolution
		SolutionGuid = {EE5CA118-EEC6-4CBE-AD8D-66030F7638B9}
	EndGlobalSection
EndGlobal
